
Microsoft Visual Studio Solution File, Format Version 12.00
# Visual Studio Version 17
VisualStudioVersion = 17.9.34321.82
MinimumVisualStudioVersion = 10.0.40219.1
Project("{9A19103F-16F7-4668-BE54-9A1E7A4F7556}") = "EnvironmentDashboard", "src\EnvironmentDashboard\EnvironmentDashboard.csproj", "{22DB3A8B-B4D9-4B9A-9B6B-58A273F02489}"
EndProject
Project("{2150E333-8FDC-42A3-9474-1A3956D46DE8}") = "src", "src", "{88D8A5E0-3524-4879-B71F-200AF416BF75}"
EndProject
Project("{2150E333-8FDC-42A3-9474-1A3956D46DE8}") = "Solution Folder", "Solution Folder", "{C09D3424-7ACA-461E-A19B-00AF642B4F31}"
	ProjectSection(SolutionItems) = preProject
		.editorconfig = .editorconfig
		.gitignore = .gitignore
		Directory.Build.props = Directory.Build.props
		LICENSE = LICENSE
		nuget.config = nuget.config
		README.md = README.md
	EndProjectSection
EndProject
Project("{9A19103F-16F7-4668-BE54-9A1E7A4F7556}") = "Penyland.MicrosoftGraphClient", "src\Penyland.MicrosoftGraphClient\Penyland.MicrosoftGraphClient.csproj", "{88E121D9-21BC-49DB-AFB0-10911C24401E}"
EndProject
Global
	GlobalSection(SolutionConfigurationPlatforms) = preSolution
		Debug|Any CPU = Debug|Any CPU
		Release|Any CPU = Release|Any CPU
	EndGlobalSection
	GlobalSection(ProjectConfigurationPlatforms) = postSolution
		{22DB3A8B-B4D9-4B9A-9B6B-58A273F02489}.Debug|Any CPU.ActiveCfg = Debug|Any CPU
		{22DB3A8B-B4D9-4B9A-9B6B-58A273F02489}.Debug|Any CPU.Build.0 = Debug|Any CPU
		{22DB3A8B-B4D9-4B9A-9B6B-58A273F02489}.Release|Any CPU.ActiveCfg = Release|Any CPU
		{22DB3A8B-B4D9-4B9A-9B6B-58A273F02489}.Release|Any CPU.Build.0 = Release|Any CPU
		{88E121D9-21BC-49DB-AFB0-10911C24401E}.Debug|Any CPU.ActiveCfg = Debug|Any CPU
		{88E121D9-21BC-49DB-AFB0-10911C24401E}.Debug|Any CPU.Build.0 = Debug|Any CPU
		{88E121D9-21BC-49DB-AFB0-10911C24401E}.Release|Any CPU.ActiveCfg = Release|Any CPU
		{88E121D9-21BC-49DB-AFB0-10911C24401E}.Release|Any CPU.Build.0 = Release|Any CPU
	EndGlobalSection
	GlobalSection(SolutionProperties) = preSolution
		HideSolutionNode = FALSE
	EndGlobalSection
	GlobalSection(NestedProjects) = preSolution
		{22DB3A8B-B4D9-4B9A-9B6B-58A273F02489} = {88D8A5E0-3524-4879-B71F-200AF416BF75}
		{88E121D9-21BC-49DB-AFB0-10911C24401E} = {88D8A5E0-3524-4879-B71F-200AF416BF75}
	EndGlobalSection
	GlobalSection(ExtensibilityGlobals) = postSolution
		SolutionGuid = {341B997F-6A69-41DE-A653-0899E7AC8A88}
	EndGlobalSection
EndGlobal
